[[tools."aqua:BurntSushi/ripgrep"]]
version = "15.1.0"
backend = "aqua:BurntSushi/ripgrep"
"platforms.linux-arm64" = { checksum = "sha256:2b661c6ef508e902f388e9098d9c4c5aca72c87b55922d94abdba830b4dc885e", url = "https://github.com/BurntSushi/ripgrep/releases/download/15.1.0/ripgrep-15.1.0-aarch64-unknown-linux-gnu.tar.gz"}
"platforms.linux-arm64-musl" = { checksum = "sha256:2b661c6ef508e902f388e9098d9c4c5aca72c87b55922d94abdba830b4dc885e", url = "https://github.com/BurntSushi/ripgrep/releases/download/15.1.0/ripgrep-15.1.0-aarch64-unknown-linux-gnu.tar.gz"}
"platforms.linux-x64" = { checksum = "sha256:1c9297be4a084eea7ecaedf93eb03d058d6faae29bbc57ecdaf5063921491599", url = "https://github.com/BurntSushi/ripgrep/releases/download/15.1.0/ripgrep-15.1.0-x86_64-unknown-linux-musl.tar.gz"}
"platforms.linux-x64-musl" = { checksum = "sha256:1c9297be4a084eea7ecaedf93eb03d058d6faae29bbc57ecdaf5063921491599", url = "https://github.com/BurntSushi/ripgrep/releases/download/15.1.0/ripgrep-15.1.0-x86_64-unknown-linux-musl.tar.gz"}
"platforms.macos-arm64" = { checksum = "sha256:378e973289176ca0c6054054ee7f631a065874a352bf43f0fa60ef079b6ba715", url = "https://github.com/BurntSushi/ripgrep/releases/download/15.1.0/ripgrep-15.1.0-aarch64-apple-darwin.tar.gz"}
"platforms.macos-x64" = { checksum = "sha256:64811cb24e77cac3057d6c40b63ac9becf9082eedd54ca411b475b755d334882", url = "https://github.com/BurntSushi/ripgrep/releases/download/15.1.0/ripgrep-15.1.0-x86_64-apple-darwin.tar.gz"}
"platforms.windows-arm64" = { checksum = "sha256:124510b94b6baa3380d051fdf4650eaa80a302c876d611e9dba0b2e18d87493a", url = "https://github.com/BurntSushi/ripgrep/releases/download/15.1.0/ripgrep-15.1.0-x86_64-pc-windows-msvc.zip"}
"platforms.windows-x64" = { checksum = "sha256:124510b94b6baa3380d051fdf4650eaa80a302c876d611e9dba0b2e18d87493a", url = "https://github.com/BurntSushi/ripgrep/releases/download/15.1.0/ripgrep-15.1.0-x86_64-pc-windows-msvc.zip"}

[[tools."aqua:aquasecurity/trivy"]]
version = "0.69.1"
backend = "aqua:aquasecurity/trivy"
"platforms.linux-arm64" = { checksum = "sha256:7a98c13e6c5799fc46219c94fa500b807532b4555501cce85fa4eead9f755516", url = "https://github.com/aquasecurity/trivy/releases/download/v0.69.1/trivy_0.69.1_Linux-ARM64.tar.gz"}
"platforms.linux-arm64-musl" = { checksum = "sha256:7a98c13e6c5799fc46219c94fa500b807532b4555501cce85fa4eead9f755516", url = "https://github.com/aquasecurity/trivy/releases/download/v0.69.1/trivy_0.69.1_Linux-ARM64.tar.gz"}
"platforms.linux-x64" = { checksum = "sha256:dd93975bc1e58053810a9bafea89923e5df42ddd3f99905fdf840fd797145157", url = "https://github.com/aquasecurity/trivy/releases/download/v0.69.1/trivy_0.69.1_Linux-64bit.tar.gz"}
"platforms.linux-x64-musl" = { checksum = "sha256:dd93975bc1e58053810a9bafea89923e5df42ddd3f99905fdf840fd797145157", url = "https://github.com/aquasecurity/trivy/releases/download/v0.69.1/trivy_0.69.1_Linux-64bit.tar.gz"}
"platforms.macos-arm64" = { checksum = "sha256:ae5ce4a7b9bf2bd3794ccb3c257993526fa47470b3814d729a73788d36aff3d0", url = "https://github.com/aquasecurity/trivy/releases/download/v0.69.1/trivy_0.69.1_macOS-ARM64.tar.gz"}
"platforms.macos-x64" = { checksum = "sha256:1054f37ba02173a7e1a05e2bcc1179d7573124cea1502a37cc59de89582de307", url = "https://github.com/aquasecurity/trivy/releases/download/v0.69.1/trivy_0.69.1_macOS-64bit.tar.gz"}
"platforms.windows-arm64" = { checksum = "sha256:7a37fafd7a62fef07d4ebe9c5a90bb079e929eac78d691863b013eec14d57eac", url = "https://github.com/aquasecurity/trivy/releases/download/v0.69.1/trivy_0.69.1_windows-64bit.zip"}
"platforms.windows-x64" = { checksum = "sha256:7a37fafd7a62fef07d4ebe9c5a90bb079e929eac78d691863b013eec14d57eac", url = "https://github.com/aquasecurity/trivy/releases/download/v0.69.1/trivy_0.69.1_windows-64bit.zip"}

[[tools."aqua:astral-sh/uv"]]
version = "0.10.7"
backend = "aqua:astral-sh/uv"
"platforms.linux-arm64" = { checksum = "sha256:115291f9943531a3b63db3a2eabda8b74b8da4831551679382cb309c9debd9f7", url = "https://github.com/astral-sh/uv/releases/download/0.10.7/uv-aarch64-unknown-linux-musl.tar.gz"}
"platforms.linux-arm64-musl" = { checksum = "sha256:115291f9943531a3b63db3a2eabda8b74b8da4831551679382cb309c9debd9f7", url = "https://github.com/astral-sh/uv/releases/download/0.10.7/uv-aarch64-unknown-linux-musl.tar.gz"}
"platforms.linux-x64" = { checksum = "sha256:992529add6024e67135b1c80617abd2eca7be2cf0b99b3911f923de815bd8dc1", url = "https://github.com/astral-sh/uv/releases/download/0.10.7/uv-x86_64-unknown-linux-musl.tar.gz"}
"platforms.linux-x64-musl" = { checksum = "sha256:992529add6024e67135b1c80617abd2eca7be2cf0b99b3911f923de815bd8dc1", url = "https://github.com/astral-sh/uv/releases/download/0.10.7/uv-x86_64-unknown-linux-musl.tar.gz"}
"platforms.macos-arm64" = { checksum = "sha256:1eb4dcc5e0fc8669fa0b33cf1151b64ba3b8c26b60dceff4f7a686129e2af22b", url = "https://github.com/astral-sh/uv/releases/download/0.10.7/uv-aarch64-apple-darwin.tar.gz"}
"platforms.macos-x64" = { checksum = "sha256:4fed9d4f4608fb3850db714ee37244436f850a2b6e485bc510795679c2d08866", url = "https://github.com/astral-sh/uv/releases/download/0.10.7/uv-x86_64-apple-darwin.tar.gz"}
"platforms.windows-arm64" = { checksum = "sha256:8881afb877996a1373a12e816395122a8d39a3ac06cd066272acdb49510cf0fe", url = "https://github.com/astral-sh/uv/releases/download/0.10.7/uv-x86_64-pc-windows-msvc.zip"}
"platforms.windows-x64" = { checksum = "sha256:8881afb877996a1373a12e816395122a8d39a3ac06cd066272acdb49510cf0fe", url = "https://github.com/astral-sh/uv/releases/download/0.10.7/uv-x86_64-pc-windows-msvc.zip"}

[[tools."aqua:cargo-bins/cargo-binstall"]]
version = "1.17.5"
backend = "aqua:cargo-bins/cargo-binstall"
"platforms.linux-arm64" = { checksum = "sha256:6a82fd5207e0647fcb28fc8db30b0186a2e6223aaa5411a588f0573c77d620e3", url = "https://github.com/cargo-bins/cargo-binstall/releases/download/v1.17.5/cargo-binstall-aarch64-unknown-linux-musl.tgz"}
"platforms.linux-arm64-musl" = { checksum = "sha256:6a82fd5207e0647fcb28fc8db30b0186a2e6223aaa5411a588f0573c77d620e3", url = "https://github.com/cargo-bins/cargo-binstall/releases/download/v1.17.5/cargo-binstall-aarch64-unknown-linux-musl.tgz"}
"platforms.linux-x64" = { checksum = "sha256:c0f247726165afc445076a9d58cf3795512b6e5787ae469297a39b8c9e30a51f", url = "https://github.com/cargo-bins/cargo-binstall/releases/download/v1.17.5/cargo-binstall-x86_64-unknown-linux-musl.tgz"}
"platforms.linux-x64-musl" = { checksum = "sha256:c0f247726165afc445076a9d58cf3795512b6e5787ae469297a39b8c9e30a51f", url = "https://github.com/cargo-bins/cargo-binstall/releases/download/v1.17.5/cargo-binstall-x86_64-unknown-linux-musl.tgz"}
"platforms.macos-arm64" = { checksum = "sha256:896e75a79773a11ad651649dce449a223ddd1dc718e687301988b46ee26fe58f", url = "https://github.com/cargo-bins/cargo-binstall/releases/download/v1.17.5/cargo-binstall-aarch64-apple-darwin.zip"}
"platforms.macos-x64" = { checksum = "sha256:2471743078bbf1685e8493121b03c6555042690ea10661e0fddba647bceac13c", url = "https://github.com/cargo-bins/cargo-binstall/releases/download/v1.17.5/cargo-binstall-x86_64-apple-darwin.zip"}
"platforms.windows-arm64" = { checksum = "sha256:ad0d0d0d51fdbb66becab98886dd5500968b37dac7f4efb7d2f6ed0cf7847939", url = "https://github.com/cargo-bins/cargo-binstall/releases/download/v1.17.5/cargo-binstall-aarch64-pc-windows-msvc.zip"}
"platforms.windows-x64" = { checksum = "sha256:501697fe946b691d215600d144b53b696cc6fb03f3e1773f582b375672c26be6", url = "https://github.com/cargo-bins/cargo-binstall/releases/download/v1.17.5/cargo-binstall-x86_64-pc-windows-msvc.zip"}

[[tools."aqua:cli/cli"]]
version = "2.87.3"
backend = "aqua:cli/cli"
"platforms.linux-arm64" = { checksum = "sha256:5f5d89563bf26751e2173b37e594065504e85b6b781c1f1832d24bf2c2b4554f", url = "https://github.com/cli/cli/releases/download/v2.87.3/gh_2.87.3_linux_arm64.tar.gz"}
"platforms.linux-arm64-musl" = { checksum = "sha256:5f5d89563bf26751e2173b37e594065504e85b6b781c1f1832d24bf2c2b4554f", url = "https://github.com/cli/cli/releases/download/v2.87.3/gh_2.87.3_linux_arm64.tar.gz"}
"platforms.linux-x64" = { checksum = "sha256:c6e5537631fca45f277ef405ce8751d139b491e9402cc20891a003525a8773b2", url = "https://github.com/cli/cli/releases/download/v2.87.3/gh_2.87.3_linux_amd64.tar.gz"}
"platforms.linux-x64-musl" = { checksum = "sha256:c6e5537631fca45f277ef405ce8751d139b491e9402cc20891a003525a8773b2", url = "https://github.com/cli/cli/releases/download/v2.87.3/gh_2.87.3_linux_amd64.tar.gz"}
"platforms.macos-arm64" = { checksum = "sha256:dedfc6f569e9dbc5b92d47dce44acadbdf5b6b7a861510db0c748dfac55002f6", url = "https://github.com/cli/cli/releases/download/v2.87.3/gh_2.87.3_macOS_arm64.zip"}
"platforms.macos-x64" = { checksum = "sha256:7b8d5495fe9689494b1c69559c0d28209bc057bb028008e903ec4b3e19bd8c75", url = "https://github.com/cli/cli/releases/download/v2.87.3/gh_2.87.3_macOS_amd64.zip"}
"platforms.windows-arm64" = { checksum = "sha256:a3b0fa2e14a8679057824018e0dbb3f70952ea33b99eaa0e52924f480723c617", url = "https://github.com/cli/cli/releases/download/v2.87.3/gh_2.87.3_windows_arm64.zip"}
"platforms.windows-x64" = { checksum = "sha256:c590bcb488f80a85c8febd5cde27edd68fdd481bd004aaf9adc50dcf1b21c09c", url = "https://github.com/cli/cli/releases/download/v2.87.3/gh_2.87.3_windows_amd64.zip"}

[[tools."aqua:crate-ci/typos"]]
version = "1.44.0"
backend = "aqua:crate-ci/typos"
"platforms.linux-arm64" = { checksum = "sha256:132c20fc5e3c9ba540ec55a0a468dcb9c1504625a405df1c237b10dd4f2ec433", url = "https://github.com/crate-ci/typos/releases/download/v1.44.0/typos-v1.44.0-aarch64-unknown-linux-musl.tar.gz"}
"platforms.linux-arm64-musl" = { checksum = "sha256:132c20fc5e3c9ba540ec55a0a468dcb9c1504625a405df1c237b10dd4f2ec433", url = "https://github.com/crate-ci/typos/releases/download/v1.44.0/typos-v1.44.0-aarch64-unknown-linux-musl.tar.gz"}
"platforms.linux-x64" = { checksum = "sha256:1b788b7d764e2f20fe089487428a3944ed218d1fb6fcd8eac4230b5893a38779", url = "https://github.com/crate-ci/typos/releases/download/v1.44.0/typos-v1.44.0-x86_64-unknown-linux-musl.tar.gz"}
"platforms.linux-x64-musl" = { checksum = "sha256:1b788b7d764e2f20fe089487428a3944ed218d1fb6fcd8eac4230b5893a38779", url = "https://github.com/crate-ci/typos/releases/download/v1.44.0/typos-v1.44.0-x86_64-unknown-linux-musl.tar.gz"}
"platforms.macos-arm64" = { checksum = "sha256:ca82d593351dbac519a5c9fa832fc147b176d80100d00d08e855fcb46d43882d", url = "https://github.com/crate-ci/typos/releases/download/v1.44.0/typos-v1.44.0-aarch64-apple-darwin.tar.gz"}
"platforms.macos-x64" = { checksum = "sha256:70e7cbfd9c0bac3b27d096171413a8fff989cc9f9227d3ef66694ed99fdc7b5c", url = "https://github.com/crate-ci/typos/releases/download/v1.44.0/typos-v1.44.0-x86_64-apple-darwin.tar.gz"}
"platforms.windows-arm64" = { checksum = "sha256:afd85c8f3c5c925ee7452389acdf70b048d8c6eae5e52a581e63a7d1b7655f17", url = "https://github.com/crate-ci/typos/releases/download/v1.44.0/typos-v1.44.0-x86_64-pc-windows-msvc.zip"}
"platforms.windows-x64" = { checksum = "sha256:afd85c8f3c5c925ee7452389acdf70b048d8c6eae5e52a581e63a7d1b7655f17", url = "https://github.com/crate-ci/typos/releases/download/v1.44.0/typos-v1.44.0-x86_64-pc-windows-msvc.zip"}

[[tools."aqua:gitleaks/gitleaks"]]
version = "8.30.0"
backend = "aqua:gitleaks/gitleaks"
"platforms.linux-arm64" = { checksum = "sha256:b4cbbb6ddf7d1b2a603088cd03a4e3f7ce48ee7fd449b51f7de6ee2906f5fa2f", url = "https://github.com/gitleaks/gitleaks/releases/download/v8.30.0/gitleaks_8.30.0_linux_arm64.tar.gz"}
"platforms.linux-arm64-musl" = { checksum = "sha256:b4cbbb6ddf7d1b2a603088cd03a4e3f7ce48ee7fd449b51f7de6ee2906f5fa2f", url = "https://github.com/gitleaks/gitleaks/releases/download/v8.30.0/gitleaks_8.30.0_linux_arm64.tar.gz"}
"platforms.linux-x64" = { checksum = "sha256:79a3ab579b53f71efd634f3aaf7e04a0fa0cf206b7ed434638d1547a2470a66e", url = "https://github.com/gitleaks/gitleaks/releases/download/v8.30.0/gitleaks_8.30.0_linux_x64.tar.gz"}
"platforms.linux-x64-musl" = { checksum = "sha256:79a3ab579b53f71efd634f3aaf7e04a0fa0cf206b7ed434638d1547a2470a66e", url = "https://github.com/gitleaks/gitleaks/releases/download/v8.30.0/gitleaks_8.30.0_linux_x64.tar.gz"}
"platforms.macos-arm64" = { checksum = "sha256:b251ab2bcd4cd8ba9e56ff37698c033ebf38582b477d21ebd86586d927cf87e7", url = "https://github.com/gitleaks/gitleaks/releases/download/v8.30.0/gitleaks_8.30.0_darwin_arm64.tar.gz"}
"platforms.macos-x64" = { checksum = "sha256:ca221d012d247080c2f6f61f4b7a83bffa2453806b0c195c795bbe9a8c775ed5", url = "https://github.com/gitleaks/gitleaks/releases/download/v8.30.0/gitleaks_8.30.0_darwin_x64.tar.gz"}
"platforms.windows-arm64" = { checksum = "sha256:54fe94f644b832dd08e8c3a5915efb3bfa862386d59fb27ca0792cb687a83573", url = "https://github.com/gitleaks/gitleaks/releases/download/v8.30.0/gitleaks_8.30.0_windows_x64.zip"}
"platforms.windows-x64" = { checksum = "sha256:54fe94f644b832dd08e8c3a5915efb3bfa862386d59fb27ca0792cb687a83573", url = "https://github.com/gitleaks/gitleaks/releases/download/v8.30.0/gitleaks_8.30.0_windows_x64.zip"}

[[tools."aqua:google/yamlfmt"]]
version = "0.21.0"
backend = "aqua:google/yamlfmt"
"platforms.linux-arm64" = { checksum = "sha256:5b2689c963b177271330c5ce8ca7396751107e5a826be46f03d2cb9b6f0c7784", url = "https://github.com/google/yamlfmt/releases/download/v0.21.0/yamlfmt_0.21.0_Linux_arm64.tar.gz"}
"platforms.linux-arm64-musl" = { checksum = "sha256:5b2689c963b177271330c5ce8ca7396751107e5a826be46f03d2cb9b6f0c7784", url = "https://github.com/google/yamlfmt/releases/download/v0.21.0/yamlfmt_0.21.0_Linux_arm64.tar.gz"}
"platforms.linux-x64" = { checksum = "sha256:1f300d9257b232bb3b541d7fb1b0e6b3c121bcbab381c86cd38cb8722be8a566", url = "https://github.com/google/yamlfmt/releases/download/v0.21.0/yamlfmt_0.21.0_Linux_x86_64.tar.gz"}
"platforms.linux-x64-musl" = { checksum = "sha256:1f300d9257b232bb3b541d7fb1b0e6b3c121bcbab381c86cd38cb8722be8a566", url = "https://github.com/google/yamlfmt/releases/download/v0.21.0/yamlfmt_0.21.0_Linux_x86_64.tar.gz"}
"platforms.macos-arm64" = { checksum = "sha256:4b417ecb94339d57e4c122ecc948c1a00fe328b5853266de9806e652a92858fa", url = "https://github.com/google/yamlfmt/releases/download/v0.21.0/yamlfmt_0.21.0_Darwin_arm64.tar.gz"}
"platforms.macos-x64" = { checksum = "sha256:060e943bcb8583c456810eb1ff4721b4f46c4a0c1a4432449d5dc3bbfe29a22b", url = "https://github.com/google/yamlfmt/releases/download/v0.21.0/yamlfmt_0.21.0_Darwin_x86_64.tar.gz"}
"platforms.windows-arm64" = { checksum = "sha256:c1e64d1c72ca8986bc5b8c8edd4ec89f0627804e7e08f8de9f4b484cb5cad897", url = "https://github.com/google/yamlfmt/releases/download/v0.21.0/yamlfmt_0.21.0_Windows_arm64.tar.gz"}
"platforms.windows-x64" = { checksum = "sha256:07f80ce5d741eb4b0a9380ac78a19c7cb5bd44e2a9a47a5a04839e3ba54dd463", url = "https://github.com/google/yamlfmt/releases/download/v0.21.0/yamlfmt_0.21.0_Windows_x86_64.tar.gz"}

[[tools."aqua:hadolint/hadolint"]]
version = "2.14.0"
backend = "aqua:hadolint/hadolint"
"platforms.linux-arm64" = { checksum = "sha256:331f1d3511b84a4f1e3d18d52fec284723e4019552f4f47b19322a53ce9a40ed", url = "https://github.com/hadolint/hadolint/releases/download/v2.14.0/hadolint-linux-arm64"}
"platforms.linux-arm64-musl" = { checksum = "sha256:331f1d3511b84a4f1e3d18d52fec284723e4019552f4f47b19322a53ce9a40ed", url = "https://github.com/hadolint/hadolint/releases/download/v2.14.0/hadolint-linux-arm64"}
"platforms.linux-x64" = { checksum = "sha256:6bf226944684f56c84dd014e8b979d27425c0148f61b3bd99bcc6f39e9dc5a47", url = "https://github.com/hadolint/hadolint/releases/download/v2.14.0/hadolint-linux-x86_64"}
"platforms.linux-x64-musl" = { checksum = "sha256:6bf226944684f56c84dd014e8b979d27425c0148f61b3bd99bcc6f39e9dc5a47", url = "https://github.com/hadolint/hadolint/releases/download/v2.14.0/hadolint-linux-x86_64"}
"platforms.macos-arm64" = { checksum = "sha256:3625e2e9f43dcfe7bd38738a5f5520ed50ce39ed28485266e6803dd7bc197b10", url = "https://github.com/hadolint/hadolint/releases/download/v2.14.0/hadolint-macos-arm64"}
"platforms.macos-x64" = { checksum = "sha256:2b69a853433f1eca522ffb921cd490bd1321424d03331fd8390f93b7fb4a02e9", url = "https://github.com/hadolint/hadolint/releases/download/v2.14.0/hadolint-macos-x86_64"}
"platforms.windows-arm64" = { checksum = "sha256:8e0ee174f88edb14f207a68430c7a53c2883ed509cdbde9a3a26fffa140fa5e4", url = "https://github.com/hadolint/hadolint/releases/download/v2.14.0/hadolint-windows-x86_64.exe"}
"platforms.windows-x64" = { checksum = "sha256:8e0ee174f88edb14f207a68430c7a53c2883ed509cdbde9a3a26fffa140fa5e4", url = "https://github.com/hadolint/hadolint/releases/download/v2.14.0/hadolint-windows-x86_64.exe"}

[[tools."aqua:jqlang/jq"]]
version = "1.8.1"
backend = "aqua:jqlang/jq"
"platforms.linux-arm64" = { checksum = "sha256:6bc62f25981328edd3cfcfe6fe51b073f2d7e7710d7ef7fcdac28d4e384fc3d4", url = "https://github.com/jqlang/jq/releases/download/jq-1.8.1/jq-linux-arm64"}
"platforms.linux-arm64-musl" = { checksum = "sha256:6bc62f25981328edd3cfcfe6fe51b073f2d7e7710d7ef7fcdac28d4e384fc3d4", url = "https://github.com/jqlang/jq/releases/download/jq-1.8.1/jq-linux-arm64"}
"platforms.linux-x64" = { checksum = "sha256:020468de7539ce70ef1bceaf7cde2e8c4f2ca6c3afb84642aabc5c97d9fc2a0d", url = "https://github.com/jqlang/jq/releases/download/jq-1.8.1/jq-linux-amd64"}
"platforms.linux-x64-musl" = { checksum = "sha256:020468de7539ce70ef1bceaf7cde2e8c4f2ca6c3afb84642aabc5c97d9fc2a0d", url = "https://github.com/jqlang/jq/releases/download/jq-1.8.1/jq-linux-amd64"}
"platforms.macos-arm64" = { checksum = "sha256:a9fe3ea2f86dfc72f6728417521ec9067b343277152b114f4e98d8cb0e263603", url = "https://github.com/jqlang/jq/releases/download/jq-1.8.1/jq-macos-arm64"}
"platforms.macos-x64" = { checksum = "sha256:e80dbe0d2a2597e3c11c404f03337b981d74b4a8504b70586c354b7697a7c27f", url = "https://github.com/jqlang/jq/releases/download/jq-1.8.1/jq-macos-amd64"}
"platforms.windows-arm64" = { checksum = "sha256:23cb60a1354eed6bcc8d9b9735e8c7b388cd1fdcb75726b93bc299ef22dd9334", url = "https://github.com/jqlang/jq/releases/download/jq-1.8.1/jq-windows-amd64.exe"}
"platforms.windows-x64" = { checksum = "sha256:23cb60a1354eed6bcc8d9b9735e8c7b388cd1fdcb75726b93bc299ef22dd9334", url = "https://github.com/jqlang/jq/releases/download/jq-1.8.1/jq-windows-amd64.exe"}

[[tools."aqua:koalaman/shellcheck"]]
version = "0.11.0"
backend = "aqua:koalaman/shellcheck"
"platforms.linux-arm64" = { checksum = "sha256:12b331c1d2db6b9eb13cfca64306b1b157a86eb69db83023e261eaa7e7c14588", url = "https://github.com/koalaman/shellcheck/releases/download/v0.11.0/shellcheck-v0.11.0.linux.aarch64.tar.xz"}
"platforms.linux-arm64-musl" = { checksum = "sha256:12b331c1d2db6b9eb13cfca64306b1b157a86eb69db83023e261eaa7e7c14588", url = "https://github.com/koalaman/shellcheck/releases/download/v0.11.0/shellcheck-v0.11.0.linux.aarch64.tar.xz"}
"platforms.linux-x64" = { checksum = "sha256:8c3be12b05d5c177a04c29e3c78ce89ac86f1595681cab149b65b97c4e227198", url = "https://github.com/koalaman/shellcheck/releases/download/v0.11.0/shellcheck-v0.11.0.linux.x86_64.tar.xz"}
"platforms.linux-x64-musl" = { checksum = "sha256:8c3be12b05d5c177a04c29e3c78ce89ac86f1595681cab149b65b97c4e227198", url = "https://github.com/koalaman/shellcheck/releases/download/v0.11.0/shellcheck-v0.11.0.linux.x86_64.tar.xz"}
"platforms.macos-arm64" = { checksum = "sha256:56affdd8de5527894dca6dc3d7e0a99a873b0f004d7aabc30ae407d3f48b0a79", url = "https://github.com/koalaman/shellcheck/releases/download/v0.11.0/shellcheck-v0.11.0.darwin.aarch64.tar.xz"}
"platforms.macos-x64" = { checksum = "sha256:3c89db4edcab7cf1c27bff178882e0f6f27f7afdf54e859fa041fca10febe4c6", url = "https://github.com/koalaman/shellcheck/releases/download/v0.11.0/shellcheck-v0.11.0.darwin.x86_64.tar.xz"}
"platforms.windows-arm64" = { checksum = "sha256:8a4e35ab0b331c85d73567b12f2a444df187f483e5079ceffa6bda1faa2e740e", url = "https://github.com/koalaman/shellcheck/releases/download/v0.11.0/shellcheck-v0.11.0.zip"}
"platforms.windows-x64" = { checksum = "sha256:8a4e35ab0b331c85d73567b12f2a444df187f483e5079ceffa6bda1faa2e740e", url = "https://github.com/koalaman/shellcheck/releases/download/v0.11.0/shellcheck-v0.11.0.zip"}

[[tools."aqua:mvdan/sh"]]
version = "3.12.0"
backend = "aqua:mvdan/sh"
"platforms.linux-arm64" = { checksum = "sha256:5f3fe3fa6a9f766e6a182ba79a94bef8afedafc57db0b1ad32b0f67fae971ba4", url = "https://github.com/mvdan/sh/releases/download/v3.12.0/shfmt_v3.12.0_linux_arm64"}
"platforms.linux-arm64-musl" = { checksum = "sha256:5f3fe3fa6a9f766e6a182ba79a94bef8afedafc57db0b1ad32b0f67fae971ba4", url = "https://github.com/mvdan/sh/releases/download/v3.12.0/shfmt_v3.12.0_linux_arm64"}
"platforms.linux-x64" = { checksum = "sha256:d9fbb2a9c33d13f47e7618cf362a914d029d02a6df124064fff04fd688a745ea", url = "https://github.com/mvdan/sh/releases/download/v3.12.0/shfmt_v3.12.0_linux_amd64"}
"platforms.linux-x64-musl" = { checksum = "sha256:d9fbb2a9c33d13f47e7618cf362a914d029d02a6df124064fff04fd688a745ea", url = "https://github.com/mvdan/sh/releases/download/v3.12.0/shfmt_v3.12.0_linux_amd64"}
"platforms.macos-arm64" = { checksum = "sha256:d903802e0ce3ecbc82b98512f55ba370b0d37a93f3f78de394f5b657052b33dd", url = "https://github.com/mvdan/sh/releases/download/v3.12.0/shfmt_v3.12.0_darwin_arm64"}
"platforms.macos-x64" = { checksum = "sha256:c31548693de6584e6164b7ed5fbb7b4a083f2d937ca94b4e0ddf59aa461a85e4", url = "https://github.com/mvdan/sh/releases/download/v3.12.0/shfmt_v3.12.0_darwin_amd64"}
"platforms.windows-arm64" = { checksum = "sha256:c8bda517ba1c640ce4a715c0fa665439ddbe4357ba5e9b77b0e51e70e2b9c94b", url = "https://github.com/mvdan/sh/releases/download/v3.12.0/shfmt_v3.12.0_windows_amd64.exe"}
"platforms.windows-x64" = { checksum = "sha256:c8bda517ba1c640ce4a715c0fa665439ddbe4357ba5e9b77b0e51e70e2b9c94b", url = "https://github.com/mvdan/sh/releases/download/v3.12.0/shfmt_v3.12.0_windows_amd64.exe"}

[[tools."aqua:rhysd/actionlint"]]
version = "1.7.11"
backend = "aqua:rhysd/actionlint"
"platforms.linux-arm64" = { checksum = "sha256:21bc0dfb57a913fe175298c2a9e906ee630f747cb66d0a934d0d4b69f4ee1235", url = "https://github.com/rhysd/actionlint/releases/download/v1.7.11/actionlint_1.7.11_linux_arm64.tar.gz"}
"platforms.linux-arm64-musl" = { checksum = "sha256:21bc0dfb57a913fe175298c2a9e906ee630f747cb66d0a934d0d4b69f4ee1235", url = "https://github.com/rhysd/actionlint/releases/download/v1.7.11/actionlint_1.7.11_linux_arm64.tar.gz"}
"platforms.linux-x64" = { checksum = "sha256:900919a84f2229bac68ca9cd4103ea297abc35e9689ebb842c6e34a3d1b01b0a", url = "https://github.com/rhysd/actionlint/releases/download/v1.7.11/actionlint_1.7.11_linux_amd64.tar.gz"}
"platforms.linux-x64-musl" = { checksum = "sha256:900919a84f2229bac68ca9cd4103ea297abc35e9689ebb842c6e34a3d1b01b0a", url = "https://github.com/rhysd/actionlint/releases/download/v1.7.11/actionlint_1.7.11_linux_amd64.tar.gz"}
"platforms.macos-arm64" = { checksum = "sha256:a21ba7366d8329e7223faee0ed69eb13da27fe8acabb356bb7eb0b7f1e1cb6d8", url = "https://github.com/rhysd/actionlint/releases/download/v1.7.11/actionlint_1.7.11_darwin_arm64.tar.gz"}
"platforms.macos-x64" = { checksum = "sha256:17ffc17fed8f0258ef6ad4aed932d3272464c7ef7d64e1cb0d65aa97c9752107", url = "https://github.com/rhysd/actionlint/releases/download/v1.7.11/actionlint_1.7.11_darwin_amd64.tar.gz"}
"platforms.windows-arm64" = { checksum = "sha256:4900eb60e084604850935705306305f0bb0ca532e07c2b4ae642917142aba75d", url = "https://github.com/rhysd/actionlint/releases/download/v1.7.11/actionlint_1.7.11_windows_arm64.zip"}
"platforms.windows-x64" = { checksum = "sha256:5414b7124a91f4b5abee62e5c9d84802237734f8d15b9b7032732a32c3ebffa3", url = "https://github.com/rhysd/actionlint/releases/download/v1.7.11/actionlint_1.7.11_windows_amd64.zip"}

[[tools."github:EmbarkStudios/cargo-deny"]]
version = "0.19.0"
backend = "github:EmbarkStudios/cargo-deny"
"platforms.linux-arm64" = { checksum = "sha256:2b3567a60b7491c159d1cef8b7d8479d1ad2a31e29ef49462634ad4552fcc77d", url = "https://github.com/EmbarkStudios/cargo-deny/releases/download/0.19.0/cargo-deny-0.19.0-aarch64-unknown-linux-musl.tar.gz", url_api = "https://api.github.com/repos/EmbarkStudios/cargo-deny/releases/assets/337862688"}
"platforms.linux-arm64-musl" = { checksum = "sha256:2b3567a60b7491c159d1cef8b7d8479d1ad2a31e29ef49462634ad4552fcc77d", url = "https://github.com/EmbarkStudios/cargo-deny/releases/download/0.19.0/cargo-deny-0.19.0-aarch64-unknown-linux-musl.tar.gz", url_api = "https://api.github.com/repos/EmbarkStudios/cargo-deny/releases/assets/337862688"}
"platforms.linux-x64" = { checksum = "sha256:0e8c2aa59128612c90d9e09c02204e912f29a5b8d9a64671b94608cbe09e064f", url = "https://github.com/EmbarkStudios/cargo-deny/releases/download/0.19.0/cargo-deny-0.19.0-x86_64-unknown-linux-musl.tar.gz", url_api = "https://api.github.com/repos/EmbarkStudios/cargo-deny/releases/assets/337862798"}
"platforms.linux-x64-musl" = { checksum = "sha256:0e8c2aa59128612c90d9e09c02204e912f29a5b8d9a64671b94608cbe09e064f", url = "https://github.com/EmbarkStudios/cargo-deny/releases/download/0.19.0/cargo-deny-0.19.0-x86_64-unknown-linux-musl.tar.gz", url_api = "https://api.github.com/repos/EmbarkStudios/cargo-deny/releases/assets/337862798"}
"platforms.macos-arm64" = { checksum = "sha256:a22f2023c06f3eefd099a5d42dd828fd4fa74d1e1c167bd1dbc3cf59ad62ded0", url = "https://github.com/EmbarkStudios/cargo-deny/releases/download/0.19.0/cargo-deny-0.19.0-aarch64-apple-darwin.tar.gz", url_api = "https://api.github.com/repos/EmbarkStudios/cargo-deny/releases/assets/337862521"}
"platforms.macos-x64" = { checksum = "sha256:c42163655413f7e872638cd8c4345a327b512ef0ab99109e9cced691b95af5fb", url = "https://github.com/EmbarkStudios/cargo-deny/releases/download/0.19.0/cargo-deny-0.19.0-x86_64-apple-darwin.tar.gz", url_api = "https://api.github.com/repos/EmbarkStudios/cargo-deny/releases/assets/337862925"}
"platforms.windows-x64" = { checksum = "sha256:413f0e2ce780d0d14ba8e9339f9fb033419a8a971ec7714faec518e4a664bdb0", url = "https://github.com/EmbarkStudios/cargo-deny/releases/download/0.19.0/cargo-deny-0.19.0-x86_64-pc-windows-msvc.tar.gz", url_api = "https://api.github.com/repos/EmbarkStudios/cargo-deny/releases/assets/337863628"}

[[tools."github:mikefarah/yq"]]
version = "4.52.4"
backend = "github:mikefarah/yq"
"platforms.linux-arm64" = { checksum = "sha256:10a4a2093090363a00b55ad52e132a082f9652970cb8f1ad35a1ae048b917e6e", url = "https://github.com/mikefarah/yq/releases/download/v4.52.4/yq_linux_arm64.tar.gz", url_api = "https://api.github.com/repos/mikefarah/yq/releases/assets/355776796"}
"platforms.linux-arm64-musl" = { checksum = "sha256:10a4a2093090363a00b55ad52e132a082f9652970cb8f1ad35a1ae048b917e6e", url = "https://github.com/mikefarah/yq/releases/download/v4.52.4/yq_linux_arm64.tar.gz", url_api = "https://api.github.com/repos/mikefarah/yq/releases/assets/355776796"}
"platforms.linux-x64" = { checksum = "sha256:3fa3c1c32d94520102ea4d853d03c3ab907867d964540e896410ad8a7fc6c8f7", url = "https://github.com/mikefarah/yq/releases/download/v4.52.4/yq_linux_amd64.tar.gz", url_api = "https://api.github.com/repos/mikefarah/yq/releases/assets/355776799"}
"platforms.linux-x64-musl" = { checksum = "sha256:3fa3c1c32d94520102ea4d853d03c3ab907867d964540e896410ad8a7fc6c8f7", url = "https://github.com/mikefarah/yq/releases/download/v4.52.4/yq_linux_amd64.tar.gz", url_api = "https://api.github.com/repos/mikefarah/yq/releases/assets/355776799"}
"platforms.macos-arm64" = { checksum = "sha256:99778ab9ac307b89889607a8f84b4c16e668077ccb8665617547b9059a219ecc", url = "https://github.com/mikefarah/yq/releases/download/v4.52.4/yq_darwin_arm64.tar.gz", url_api = "https://api.github.com/repos/mikefarah/yq/releases/assets/355776789"}
"platforms.macos-x64" = { checksum = "sha256:b05d49a6e4dd1897bf3a16e080b249f16ac7c87b7e6ce85253d52f130b671b6a", url = "https://github.com/mikefarah/yq/releases/download/v4.52.4/yq_darwin_amd64.tar.gz", url_api = "https://api.github.com/repos/mikefarah/yq/releases/assets/355776764"}
"platforms.windows-arm64" = { checksum = "sha256:e2f9fc2292d0a7d8fbaa78470f3595c5537bd74526a713c81eabbd434f0b537c", url = "https://github.com/mikefarah/yq/releases/download/v4.52.4/yq_windows_arm64.zip", url_api = "https://api.github.com/repos/mikefarah/yq/releases/assets/355776809"}
"platforms.windows-x64" = { checksum = "sha256:aa6a26dff7cdff53161873e9aebb768460a5d42088ceca0864d44e214a669c0d", url = "https://github.com/mikefarah/yq/releases/download/v4.52.4/yq_windows_amd64.zip", url_api = "https://api.github.com/repos/mikefarah/yq/releases/assets/355776803"}

[[tools."github:mozilla/sccache"]]
version = "0.12.0"
backend = "github:mozilla/sccache"
"platforms.linux-arm64" = { checksum = "sha256:111ddd28fb108cb3e17edb69ab62cefe1dcc97b02e5006ff9c1330f4f2e78368", url = "https://github.com/mozilla/sccache/releases/download/v0.12.0/sccache-v0.12.0-aarch64-unknown-linux-musl.tar.gz", url_api = "https://api.github.com/repos/mozilla/sccache/releases/assets/306639973"}
"platforms.linux-arm64-musl" = { checksum = "sha256:111ddd28fb108cb3e17edb69ab62cefe1dcc97b02e5006ff9c1330f4f2e78368", url = "https://github.com/mozilla/sccache/releases/download/v0.12.0/sccache-v0.12.0-aarch64-unknown-linux-musl.tar.gz", url_api = "https://api.github.com/repos/mozilla/sccache/releases/assets/306639973"}
"platforms.linux-x64" = { checksum = "sha256:b0e89ead6899224a4ba2b90e9073bf1ce036d95bab30f3dc33c1e1468bc4ad44", url = "https://github.com/mozilla/sccache/releases/download/v0.12.0/sccache-v0.12.0-x86_64-unknown-linux-musl.tar.gz", url_api = "https://api.github.com/repos/mozilla/sccache/releases/assets/306639997"}
"platforms.linux-x64-musl" = { checksum = "sha256:b0e89ead6899224a4ba2b90e9073bf1ce036d95bab30f3dc33c1e1468bc4ad44", url = "https://github.com/mozilla/sccache/releases/download/v0.12.0/sccache-v0.12.0-x86_64-unknown-linux-musl.tar.gz", url_api = "https://api.github.com/repos/mozilla/sccache/releases/assets/306639997"}
"platforms.macos-arm64" = { checksum = "sha256:4d5281f8760963347b29b9ca4ab1dbde99712c17329619fc9cecba1577ccc8d2", url = "https://github.com/mozilla/sccache/releases/download/v0.12.0/sccache-v0.12.0-aarch64-apple-darwin.tar.gz", url_api = "https://api.github.com/repos/mozilla/sccache/releases/assets/306639966"}
"platforms.macos-x64" = { checksum = "sha256:398438425a0e25a40157984189fdaf2d2d0d1f3788cf06d49da2702a41e80c4b", url = "https://github.com/mozilla/sccache/releases/download/v0.12.0/sccache-v0.12.0-x86_64-apple-darwin.tar.gz", url_api = "https://api.github.com/repos/mozilla/sccache/releases/assets/306639987"}
"platforms.windows-arm64" = { checksum = "sha256:5d99dfc3552907596de7e912432e49fd627eef0fb63b27b777c21db135bb1795", url = "https://github.com/mozilla/sccache/releases/download/v0.12.0/sccache-v0.12.0-aarch64-pc-windows-msvc.tar.gz", url_api = "https://api.github.com/repos/mozilla/sccache/releases/assets/306639969"}
"platforms.windows-x64" = { checksum = "sha256:f430e63e3f47dd76d488fc6d14a97b4bb58e4fabb18aab69c43198a68e750b91", url = "https://github.com/mozilla/sccache/releases/download/v0.12.0/sccache-v0.12.0-x86_64-pc-windows-msvc.tar.gz", url_api = "https://api.github.com/repos/mozilla/sccache/releases/assets/306639993"}

[[tools."github:mstange/samply"]]
version = "0.13.1"
backend = "github:mstange/samply"
"platforms.linux-arm64" = { checksum = "sha256:aa465162b62830168775b7ff4804bc35049436dcbc29bb3d1ea9f580380ea06a", url = "https://github.com/mstange/samply/releases/download/samply-v0.13.1/samply-aarch64-unknown-linux-gnu.tar.xz", url_api = "https://api.github.com/repos/mstange/samply/releases/assets/225379066"}
"platforms.linux-arm64-musl" = { checksum = "sha256:aa465162b62830168775b7ff4804bc35049436dcbc29bb3d1ea9f580380ea06a", url = "https://github.com/mstange/samply/releases/download/samply-v0.13.1/samply-aarch64-unknown-linux-gnu.tar.xz", url_api = "https://api.github.com/repos/mstange/samply/releases/assets/225379066"}
"platforms.linux-x64" = { checksum = "sha256:61875daad67888798690dea3cb2748279df6ac299c5c6a857d67eed7642473d9", url = "https://github.com/mstange/samply/releases/download/samply-v0.13.1/samply-x86_64-unknown-linux-gnu.tar.xz", url_api = "https://api.github.com/repos/mstange/samply/releases/assets/225379074"}
"platforms.linux-x64-musl" = { checksum = "sha256:691f48f3b3ece38d6fc0d93ce2143fd8ca5621fe627ebc4c13f1f0081fcb6480", url = "https://github.com/mstange/samply/releases/download/samply-v0.13.1/samply-x86_64-unknown-linux-musl.tar.xz", url_api = "https://api.github.com/repos/mstange/samply/releases/assets/225379076"}
"platforms.macos-arm64" = { checksum = "sha256:7597239aa3769e75058be5ed359dbfe067f5e7714a5f052c45dd81d509aec17f", url = "https://github.com/mstange/samply/releases/download/samply-v0.13.1/samply-aarch64-apple-darwin.tar.xz", url_api = "https://api.github.com/repos/mstange/samply/releases/assets/225379067"}
"platforms.macos-x64" = { checksum = "sha256:a57f05f9162d06c36df6d51425d976ac774a8cd6dbd84050e6303fa8bf813998", url = "https://github.com/mstange/samply/releases/download/samply-v0.13.1/samply-x86_64-apple-darwin.tar.xz", url_api = "https://api.github.com/repos/mstange/samply/releases/assets/225379070"}
"platforms.windows-arm64" = { checksum = "sha256:0236cda0bf5f8f7022b16be4cc1133217090430e3e4db704292b13bbc0cd60c9", url = "https://github.com/mstange/samply/releases/download/samply-v0.13.1/source.tar.gz", url_api = "https://api.github.com/repos/mstange/samply/releases/assets/225379079"}
"platforms.windows-x64" = { checksum = "sha256:8fed74dac18197bbb2520125b0199255e09709bed7903a7672a06225a5d7e976", url = "https://github.com/mstange/samply/releases/download/samply-v0.13.1/samply-x86_64-pc-windows-msvc.zip", url_api = "https://api.github.com/repos/mstange/samply/releases/assets/225379071"}

[tools."github:mstange/samply".options]
version_prefix = "samply-v"

[[tools."github:nextest-rs/nextest"]]
version = "0.9.129"
backend = "github:nextest-rs/nextest"
"platforms.linux-arm64" = { checksum = "sha256:27f6a395baa53a98c0d817104dcef4795d493dd41f33348f49f45ac616a1bfa7", url = "https://github.com/nextest-rs/nextest/releases/download/cargo-nextest-0.9.129/cargo-nextest-0.9.129-aarch64-unknown-linux-gnu.tar.gz", url_api = "https://api.github.com/repos/nextest-rs/nextest/releases/assets/360384455"}
"platforms.linux-arm64-musl" = { checksum = "sha256:24961e6ed5acff59cda9644595ce7c814bd55346f14e14b0907740be2b16e507", url = "https://github.com/nextest-rs/nextest/releases/download/cargo-nextest-0.9.129/cargo-nextest-0.9.129-aarch64-unknown-linux-musl.tar.gz", url_api = "https://api.github.com/repos/nextest-rs/nextest/releases/assets/360384394"}
"platforms.linux-x64" = { checksum = "sha256:92365076068c60c2e571445a34521c32f18dc0f0230cf35301415fab52ce39bb", url = "https://github.com/nextest-rs/nextest/releases/download/cargo-nextest-0.9.129/cargo-nextest-0.9.129-x86_64-unknown-linux-gnu.tar.gz", url_api = "https://api.github.com/repos/nextest-rs/nextest/releases/assets/360382483"}
"platforms.linux-x64-musl" = { checksum = "sha256:8cefd768f16c1aac14b82a07ab615c0fa4249a0a37dece71e7c1851ec7ec4873", url = "https://github.com/nextest-rs/nextest/releases/download/cargo-nextest-0.9.129/cargo-nextest-0.9.129-x86_64-unknown-linux-musl.tar.gz", url_api = "https://api.github.com/repos/nextest-rs/nextest/releases/assets/360381113"}
"platforms.macos-arm64" = { checksum = "sha256:13219deec49e5ded0d334f42b2b968f83b99ecb4fa84397b04a74213dcae1427", url = "https://github.com/nextest-rs/nextest/releases/download/cargo-nextest-0.9.129/cargo-nextest-0.9.129-universal-apple-darwin.tar.gz", url_api = "https://api.github.com/repos/nextest-rs/nextest/releases/assets/360381603"}
"platforms.macos-x64" = { checksum = "sha256:13219deec49e5ded0d334f42b2b968f83b99ecb4fa84397b04a74213dcae1427", url = "https://github.com/nextest-rs/nextest/releases/download/cargo-nextest-0.9.129/cargo-nextest-0.9.129-universal-apple-darwin.tar.gz", url_api = "https://api.github.com/repos/nextest-rs/nextest/releases/assets/360381603"}
"platforms.windows-arm64" = { checksum = "sha256:37317ce3aee4ff2db20c9529f8b079d8e838fee184126b95aa1f844223a13740", url = "https://github.com/nextest-rs/nextest/releases/download/cargo-nextest-0.9.129/cargo-nextest-0.9.129-aarch64-pc-windows-msvc.zip", url_api = "https://api.github.com/repos/nextest-rs/nextest/releases/assets/360385906"}
"platforms.windows-x64" = { checksum = "sha256:2e417a5cb993feb0bea6b5beee7450948c02aecf13800936ae196dc7dfb49c38", url = "https://github.com/nextest-rs/nextest/releases/download/cargo-nextest-0.9.129/cargo-nextest-0.9.129-x86_64-pc-windows-msvc.zip", url_api = "https://api.github.com/repos/nextest-rs/nextest/releases/assets/360383606"}

[tools."github:nextest-rs/nextest".options]
version_prefix = "cargo-nextest-"

[[tools."github:taiki-e/cargo-llvm-cov"]]
version = "0.8.4"
backend = "github:taiki-e/cargo-llvm-cov"
"platforms.linux-arm64" = { checksum = "sha256:0e7cb7c9b0f6ac7290e5064c1a42143294d6dfc2ed7b4807e0098859f60f31f6", url = "https://github.com/taiki-e/cargo-llvm-cov/releases/download/v0.8.4/cargo-llvm-cov-aarch64-unknown-linux-gnu.tar.gz", url_api = "https://api.github.com/repos/taiki-e/cargo-llvm-cov/releases/assets/351850819"}
"platforms.linux-arm64-musl" = { checksum = "sha256:0364061fff9139f9a69badaf110d3e0035befb5ab7ec7a10b19c47af857316d2", url = "https://github.com/taiki-e/cargo-llvm-cov/releases/download/v0.8.4/cargo-llvm-cov-aarch64-unknown-linux-musl.tar.gz", url_api = "https://api.github.com/repos/taiki-e/cargo-llvm-cov/releases/assets/351850756"}
"platforms.linux-x64" = { checksum = "sha256:bb80ee6727dc42a8363ede2e57dea7a31ce024f5ade4bf33006c9cd3eb6e9b57", url = "https://github.com/taiki-e/cargo-llvm-cov/releases/download/v0.8.4/cargo-llvm-cov-x86_64-unknown-linux-gnu.tar.gz", url_api = "https://api.github.com/repos/taiki-e/cargo-llvm-cov/releases/assets/351850805"}
"platforms.linux-x64-musl" = { checksum = "sha256:6ebea3153495c568651cbb893a7b93f5b648b2ba16415e8cd0a06106a4f80092", url = "https://github.com/taiki-e/cargo-llvm-cov/releases/download/v0.8.4/cargo-llvm-cov-x86_64-unknown-linux-musl.tar.gz", url_api = "https://api.github.com/repos/taiki-e/cargo-llvm-cov/releases/assets/351850454"}
"platforms.macos-arm64" = { checksum = "sha256:559c2475502b3e9c62e29230e32ecb77a8962f54c9ca32854e140fb436ec993e", url = "https://github.com/taiki-e/cargo-llvm-cov/releases/download/v0.8.4/cargo-llvm-cov-aarch64-apple-darwin.tar.gz", url_api = "https://api.github.com/repos/taiki-e/cargo-llvm-cov/releases/assets/351850760"}
"platforms.macos-x64" = { checksum = "sha256:f8abe297605aea79978b92e50862104c1ff934d42e14e7bcb02a50934e14a9c5", url = "https://github.com/taiki-e/cargo-llvm-cov/releases/download/v0.8.4/cargo-llvm-cov-x86_64-apple-darwin.tar.gz", url_api = "https://api.github.com/repos/taiki-e/cargo-llvm-cov/releases/assets/351850817"}
"platforms.windows-arm64" = { checksum = "sha256:e803d9a0a87dc4ce81738cf147fae7eef402bfd1705bc65225be6454b83a520d", url = "https://github.com/taiki-e/cargo-llvm-cov/releases/download/v0.8.4/cargo-llvm-cov-aarch64-pc-windows-msvc.zip", url_api = "https://api.github.com/repos/taiki-e/cargo-llvm-cov/releases/assets/351850671"}
"platforms.windows-x64" = { checksum = "sha256:b998ca18300b502918f46f1b5ffae4c094af65cda9454952cdacc05604c6c0cb", url = "https://github.com/taiki-e/cargo-llvm-cov/releases/download/v0.8.4/cargo-llvm-cov-x86_64-pc-windows-msvc.zip", url_api = "https://api.github.com/repos/taiki-e/cargo-llvm-cov/releases/assets/351851101"}

[[tools.node]]
version = "24.14.0"
backend = "core:node"
"platforms.linux-arm64" = { checksum = "sha256:f44740cd218de8127f1c44c41510a3a740fa5c9c8d1cdce1c3bedada79f3cde7", url = "https://nodejs.org/dist/v24.14.0/node-v24.14.0-linux-arm64.tar.gz"}
"platforms.linux-arm64-musl" = { checksum = "sha256:f44740cd218de8127f1c44c41510a3a740fa5c9c8d1cdce1c3bedada79f3cde7", url = "https://nodejs.org/dist/v24.14.0/node-v24.14.0-linux-arm64.tar.gz"}
"platforms.linux-x64" = { checksum = "sha256:dbf5b8665dec15e59e6359a517fefb47b23fdb9152d8def975b9bca3dfc6d355", url = "https://nodejs.org/dist/v24.14.0/node-v24.14.0-linux-x64.tar.gz"}
"platforms.linux-x64-musl" = { checksum = "sha256:dbf5b8665dec15e59e6359a517fefb47b23fdb9152d8def975b9bca3dfc6d355", url = "https://nodejs.org/dist/v24.14.0/node-v24.14.0-linux-x64.tar.gz"}
"platforms.macos-arm64" = { checksum = "sha256:a1a54f46a750d2523d628d924aab61758a51c9dad3e0238beb14141be9615dd3", url = "https://nodejs.org/dist/v24.14.0/node-v24.14.0-darwin-arm64.tar.gz"}
"platforms.macos-x64" = { checksum = "sha256:f2879eb810e25993a0578e5d878930266fd2eafcffe9f2839b3d8db354d4879e", url = "https://nodejs.org/dist/v24.14.0/node-v24.14.0-darwin-x64.tar.gz"}
"platforms.windows-arm64" = { checksum = "sha256:88d36e8109736a2fa9bdc596f2cf507a3c52c69cdf96e54f8acd473ec14be853", url = "https://nodejs.org/dist/v24.14.0/node-v24.14.0-win-arm64.zip"}
"platforms.windows-x64" = { checksum = "sha256:313fa40c0d7b18575821de8cb17483031fe07d95de5994f6f435f3b345f85c66", url = "https://nodejs.org/dist/v24.14.0/node-v24.14.0-win-x64.zip"}

[[tools.rust]]
version = "nightly-2026-02-28"
backend = "core:rust"
